
Microsoft Visual Studio Solution File, Format Version 12.00
# Visual Studio 2012
Project("{F2A71F9B-5D33-465A-A702-920D77279786}") = "Nebula", "Nebula\Nebula.fsproj", "{1837BDA5-BA5F-482C-A3B4-E7DC2D0F5238}"
EndProject
Global
	GlobalSection(SolutionConfigurationPlatforms) = preSolution
		Debug|Any CPU = Debug|Any CPU
		Release|Any CPU = Release|Any CPU
	EndGlobalSection
	GlobalSection(ProjectConfigurationPlatforms) = postSolution
		{1837BDA5-BA5F-482C-A3B4-E7DC2D0F5238}.Debug|Any CPU.ActiveCfg = Debug|Any CPU
		{1837BDA5-BA5F-482C-A3B4-E7DC2D0F5238}.Debug|Any CPU.Build.0 = Debug|Any CPU
		{1837BDA5-BA5F-482C-A3B4-E7DC2D0F5238}.Release|Any CPU.ActiveCfg = Release|Any CPU
		{1837BDA5-BA5F-482C-A3B4-E7DC2D0F5238}.Release|Any CPU.Build.0 = Release|Any CPU
	EndGlobalSection
	GlobalSection(SolutionProperties) = preSolution
		HideSolutionNode = FALSE
	EndGlobalSection
EndGlobal
